
Microsoft Visual Studio Solution File, Format Version 12.00
# Visual Studio Version 16
VisualStudioVersion = 16.0.28917.181
MinimumVisualStudioVersion = 10.0.40219.1
Project("{FAE04EC0-301F-11D3-BF4B-00C04F79EFBC}") = "ImFormsUser", "ImFormsUser\ImFormsUser.csproj", "{CE58E436-C135-4C51-8BCE-72B394E6F218}"
	ProjectSection(ProjectDependencies) = postProject
		{59457748-D30A-4677-82E9-8620712726E0} = {59457748-D30A-4677-82E9-8620712726E0}
		{61FE935C-691F-4F58-B320-0BA562B9FC97} = {61FE935C-691F-4F58-B320-0BA562B9FC97}
	EndProjectSection
EndProject
Project("{9A19103F-16F7-4668-BE54-9A1E7A4F7556}") = "ImForms", "ImForms\ImForms.csproj", "{61FE935C-691F-4F58-B320-0BA562B9FC97}"
	ProjectSection(ProjectDependencies) = postProject
		{04F8964E-A030-4818-9ACB-084648DDE433} = {04F8964E-A030-4818-9ACB-084648DDE433}
	EndProjectSection
EndProject
Project("{FAE04EC0-301F-11D3-BF4B-00C04F79EFBC}") = "ImFormsWeaver", "Weavers\ImFormsWeaver.csproj", "{04F8964E-A030-4818-9ACB-084648DDE433}"
EndProject
Project("{FAE04EC0-301F-11D3-BF4B-00C04F79EFBC}") = "ImFormsCallSiteWeaver", "ImFormsCallSiteWeaver\ImFormsCallSiteWeaver.csproj", "{59457748-D30A-4677-82E9-8620712726E0}"
EndProject
Project("{FAE04EC0-301F-11D3-BF4B-00C04F79EFBC}") = "CallerInfoEx.Fody", "CallerInfoEx.Fody\CallerInfoEx.Fody.csproj", "{DF80719E-0EB6-4160-8BC0-91E19FA6A6E8}"
EndProject
Project("{FAE04EC0-301F-11D3-BF4B-00C04F79EFBC}") = "CallerInfoEx", "CallerInfoEx\CallerInfoEx.csproj", "{891E75D1-D70A-44D4-956E-1A1305AD1C44}"
EndProject
Global
	GlobalSection(SolutionConfigurationPlatforms) = preSolution
		Debug|Any CPU = Debug|Any CPU
		Release|Any CPU = Release|Any CPU
	EndGlobalSection
	GlobalSection(ProjectConfigurationPlatforms) = postSolution
		{CE58E436-C135-4C51-8BCE-72B394E6F218}.Debug|Any CPU.ActiveCfg = Debug|Any CPU
		{CE58E436-C135-4C51-8BCE-72B394E6F218}.Debug|Any CPU.Build.0 = Debug|Any CPU
		{CE58E436-C135-4C51-8BCE-72B394E6F218}.Release|Any CPU.ActiveCfg = Release|Any CPU
		{CE58E436-C135-4C51-8BCE-72B394E6F218}.Release|Any CPU.Build.0 = Release|Any CPU
		{61FE935C-691F-4F58-B320-0BA562B9FC97}.Debug|Any CPU.ActiveCfg = Debug|Any CPU
		{61FE935C-691F-4F58-B320-0BA562B9FC97}.Debug|Any CPU.Build.0 = Debug|Any CPU
		{61FE935C-691F-4F58-B320-0BA562B9FC97}.Release|Any CPU.ActiveCfg = Release|Any CPU
		{61FE935C-691F-4F58-B320-0BA562B9FC97}.Release|Any CPU.Build.0 = Release|Any CPU
		{04F8964E-A030-4818-9ACB-084648DDE433}.Debug|Any CPU.ActiveCfg = Debug|Any CPU
		{04F8964E-A030-4818-9ACB-084648DDE433}.Debug|Any CPU.Build.0 = Debug|Any CPU
		{04F8964E-A030-4818-9ACB-084648DDE433}.Release|Any CPU.ActiveCfg = Release|Any CPU
		{04F8964E-A030-4818-9ACB-084648DDE433}.Release|Any CPU.Build.0 = Release|Any CPU
		{59457748-D30A-4677-82E9-8620712726E0}.Debug|Any CPU.ActiveCfg = Debug|Any CPU
		{59457748-D30A-4677-82E9-8620712726E0}.Debug|Any CPU.Build.0 = Debug|Any CPU
		{59457748-D30A-4677-82E9-8620712726E0}.Release|Any CPU.ActiveCfg = Release|Any CPU
		{59457748-D30A-4677-82E9-8620712726E0}.Release|Any CPU.Build.0 = Release|Any CPU
		{DF80719E-0EB6-4160-8BC0-91E19FA6A6E8}.Debug|Any CPU.ActiveCfg = Debug|Any CPU
		{DF80719E-0EB6-4160-8BC0-91E19FA6A6E8}.Debug|Any CPU.Build.0 = Debug|Any CPU
		{DF80719E-0EB6-4160-8BC0-91E19FA6A6E8}.Release|Any CPU.ActiveCfg = Release|Any CPU
		{DF80719E-0EB6-4160-8BC0-91E19FA6A6E8}.Release|Any CPU.Build.0 = Release|Any CPU
		{891E75D1-D70A-44D4-956E-1A1305AD1C44}.Debug|Any CPU.ActiveCfg = Debug|Any CPU
		{891E75D1-D70A-44D4-956E-1A1305AD1C44}.Debug|Any CPU.Build.0 = Debug|Any CPU
		{891E75D1-D70A-44D4-956E-1A1305AD1C44}.Release|Any CPU.ActiveCfg = Release|Any CPU
		{891E75D1-D70A-44D4-956E-1A1305AD1C44}.Release|Any CPU.Build.0 = Release|Any CPU
	EndGlobalSection
	GlobalSection(SolutionProperties) = preSolution
		HideSolutionNode = FALSE
	EndGlobalSection
	GlobalSection(ExtensibilityGlobals) = postSolution
		SolutionGuid = {8FE1E427-1DF8-4BD3-BC0A-932D903E0D22}
	EndGlobalSection
EndGlobal
